
Microsoft Visual Studio Solution File, Format Version 12.00
# Visual Studio Version 17
VisualStudioVersion = 17.4.33213.308
MinimumVisualStudioVersion = 10.0.40219.1
Project("{9A19103F-16F7-4668-BE54-9A1E7A4F7556}") = "3. Generic Scale", "3. Generic Scale\3. Generic Scale.csproj", "{0B0D3597-B60A-4E77-80E3-DDD21856097A}"
EndProject
Project("{9A19103F-16F7-4668-BE54-9A1E7A4F7556}") = "2. GenericArrayCreator", "2. GenericArrayCreator\2. GenericArrayCreator.csproj", "{BAC3D748-7812-41C0-BED4-2C75869EBA18}"
EndProject
Project("{9A19103F-16F7-4668-BE54-9A1E7A4F7556}") = "1. BoxOfT", "1. BoxOfT\1. BoxOfT.csproj", "{C534D340-D644-4BDF-9FFA-FCE71653331A}"
EndProject
Global
	GlobalSection(SolutionConfigurationPlatforms) = preSolution
		Debug|Any CPU = Debug|Any CPU
		Release|Any CPU = Release|Any CPU
	EndGlobalSection
	GlobalSection(ProjectConfigurationPlatforms) = postSolution
		{0B0D3597-B60A-4E77-80E3-DDD21856097A}.Debug|Any CPU.ActiveCfg = Debug|Any CPU
		{0B0D3597-B60A-4E77-80E3-DDD21856097A}.Debug|Any CPU.Build.0 = Debug|Any CPU
		{0B0D3597-B60A-4E77-80E3-DDD21856097A}.Release|Any CPU.ActiveCfg = Release|Any CPU
		{0B0D3597-B60A-4E77-80E3-DDD21856097A}.Release|Any CPU.Build.0 = Release|Any CPU
		{BAC3D748-7812-41C0-BED4-2C75869EBA18}.Debug|Any CPU.ActiveCfg = Debug|Any CPU
		{BAC3D748-7812-41C0-BED4-2C75869EBA18}.Debug|Any CPU.Build.0 = Debug|Any CPU
		{BAC3D748-7812-41C0-BED4-2C75869EBA18}.Release|Any CPU.ActiveCfg = Release|Any CPU
		{BAC3D748-7812-41C0-BED4-2C75869EBA18}.Release|Any CPU.Build.0 = Release|Any CPU
		{C534D340-D644-4BDF-9FFA-FCE71653331A}.Debug|Any CPU.ActiveCfg = Debug|Any CPU
		{C534D340-D644-4BDF-9FFA-FCE71653331A}.Debug|Any CPU.Build.0 = Debug|Any CPU
		{C534D340-D644-4BDF-9FFA-FCE71653331A}.Release|Any CPU.ActiveCfg = Release|Any CPU
		{C534D340-D644-4BDF-9FFA-FCE71653331A}.Release|Any CPU.Build.0 = Release|Any CPU
	EndGlobalSection
	GlobalSection(SolutionProperties) = preSolution
		HideSolutionNode = FALSE
	EndGlobalSection
	GlobalSection(ExtensibilityGlobals) = postSolution
		SolutionGuid = {4C76CA48-42F5-4E9A-8EDC-E4F71F2D2A47}
	EndGlobalSection
EndGlobal
