
Microsoft Visual Studio Solution File, Format Version 12.00
# Visual Studio Version 17
VisualStudioVersion = 17.3.32922.545
MinimumVisualStudioVersion = 10.0.40219.1
Project("{FAE04EC0-301F-11D3-BF4B-00C04F79EFBC}") = "01. Dishwasher", "01. Dishwasher\01. Dishwasher.csproj", "{B0F86F46-B614-4F29-A312-C90CFFC3ABBF}"
EndProject
Project("{FAE04EC0-301F-11D3-BF4B-00C04F79EFBC}") = "02. Report System", "02. Report System\02. Report System.csproj", "{D72B800C-8D01-4EFE-AFAE-4E11D742BC7C}"
EndProject
Project("{FAE04EC0-301F-11D3-BF4B-00C04F79EFBC}") = "03. Stream Of Letters", "03. Stream Of Letters\03. Stream Of Letters.csproj", "{42B1020F-9766-4375-B385-095160A58508}"
EndProject
Project("{FAE04EC0-301F-11D3-BF4B-00C04F79EFBC}") = "04. Numbers Divided by 3 Without Reminder", "04. Numbers Divided by 3 Without Reminder\04. Numbers Divided by 3 Without Reminder.csproj", "{7F74C560-7E9C-48FD-9AF2-51D23E9CC57A}"
EndProject
Project("{FAE04EC0-301F-11D3-BF4B-00C04F79EFBC}") = "05. Average Number", "05. Average Number\05. Average Number.csproj", "{6B8D5DDA-D0BE-40DF-81C5-D6ACB909B419}"
EndProject
Global
	GlobalSection(SolutionConfigurationPlatforms) = preSolution
		Debug|Any CPU = Debug|Any CPU
		Release|Any CPU = Release|Any CPU
	EndGlobalSection
	GlobalSection(ProjectConfigurationPlatforms) = postSolution
		{B0F86F46-B614-4F29-A312-C90CFFC3ABBF}.Debug|Any CPU.ActiveCfg = Debug|Any CPU
		{B0F86F46-B614-4F29-A312-C90CFFC3ABBF}.Debug|Any CPU.Build.0 = Debug|Any CPU
		{B0F86F46-B614-4F29-A312-C90CFFC3ABBF}.Release|Any CPU.ActiveCfg = Release|Any CPU
		{B0F86F46-B614-4F29-A312-C90CFFC3ABBF}.Release|Any CPU.Build.0 = Release|Any CPU
		{D72B800C-8D01-4EFE-AFAE-4E11D742BC7C}.Debug|Any CPU.ActiveCfg = Debug|Any CPU
		{D72B800C-8D01-4EFE-AFAE-4E11D742BC7C}.Debug|Any CPU.Build.0 = Debug|Any CPU
		{D72B800C-8D01-4EFE-AFAE-4E11D742BC7C}.Release|Any CPU.ActiveCfg = Release|Any CPU
		{D72B800C-8D01-4EFE-AFAE-4E11D742BC7C}.Release|Any CPU.Build.0 = Release|Any CPU
		{42B1020F-9766-4375-B385-095160A58508}.Debug|Any CPU.ActiveCfg = Debug|Any CPU
		{42B1020F-9766-4375-B385-095160A58508}.Debug|Any CPU.Build.0 = Debug|Any CPU
		{42B1020F-9766-4375-B385-095160A58508}.Release|Any CPU.ActiveCfg = Release|Any CPU
		{42B1020F-9766-4375-B385-095160A58508}.Release|Any CPU.Build.0 = Release|Any CPU
		{7F74C560-7E9C-48FD-9AF2-51D23E9CC57A}.Debug|Any CPU.ActiveCfg = Debug|Any CPU
		{7F74C560-7E9C-48FD-9AF2-51D23E9CC57A}.Debug|Any CPU.Build.0 = Debug|Any CPU
		{7F74C560-7E9C-48FD-9AF2-51D23E9CC57A}.Release|Any CPU.ActiveCfg = Release|Any CPU
		{7F74C560-7E9C-48FD-9AF2-51D23E9CC57A}.Release|Any CPU.Build.0 = Release|Any CPU
		{6B8D5DDA-D0BE-40DF-81C5-D6ACB909B419}.Debug|Any CPU.ActiveCfg = Debug|Any CPU
		{6B8D5DDA-D0BE-40DF-81C5-D6ACB909B419}.Debug|Any CPU.Build.0 = Debug|Any CPU
		{6B8D5DDA-D0BE-40DF-81C5-D6ACB909B419}.Release|Any CPU.ActiveCfg = Release|Any CPU
		{6B8D5DDA-D0BE-40DF-81C5-D6ACB909B419}.Release|Any CPU.Build.0 = Release|Any CPU
	EndGlobalSection
	GlobalSection(SolutionProperties) = preSolution
		HideSolutionNode = FALSE
	EndGlobalSection
	GlobalSection(ExtensibilityGlobals) = postSolution
		SolutionGuid = {1403B7CC-164A-4987-BE7A-6AA8A3867D62}
	EndGlobalSection
EndGlobal
