
Microsoft Visual Studio Solution File, Format Version 12.00
# Visual Studio Version 17
VisualStudioVersion = 17.3.32901.215
MinimumVisualStudioVersion = 10.0.40219.1
Project("{FAE04EC0-301F-11D3-BF4B-00C04F79EFBC}") = "01. Day of Week", "01. Day of Week\01. Day of Week.csproj", "{CF45BF70-CB80-4255-A9A6-2911EEB5A7BB}"
EndProject
Project("{FAE04EC0-301F-11D3-BF4B-00C04F79EFBC}") = "02.Weekend or Working Day", "02.Weekend or Working Day\02.Weekend or Working Day.csproj", "{548C1E40-A388-4A3D-BA01-78B8F371DC8C}"
EndProject
Project("{FAE04EC0-301F-11D3-BF4B-00C04F79EFBC}") = "03. Animal Type", "03. Animal Type\03. Animal Type.csproj", "{E742AE7A-17EE-45B2-855A-F0E7BF893EBB}"
EndProject
Project("{FAE04EC0-301F-11D3-BF4B-00C04F79EFBC}") = "04. Personal Titles", "04. Personal Titles\04. Personal Titles.csproj", "{10313F04-A45D-4FFD-80A3-4B2C5A1146A4}"
EndProject
Project("{FAE04EC0-301F-11D3-BF4B-00C04F79EFBC}") = "05. Small Shop", "05. Small Shop\05. Small Shop.csproj", "{3588E929-648F-400D-98C8-7AAFCE6D23B8}"
EndProject
Project("{FAE04EC0-301F-11D3-BF4B-00C04F79EFBC}") = "06. Number in Range", "06. Number in Range\06. Number in Range.csproj", "{7E6F03F3-EF16-4057-A983-F6791DCD692A}"
EndProject
Project("{FAE04EC0-301F-11D3-BF4B-00C04F79EFBC}") = "07.Working Hours", "07.Working Hours\07.Working Hours.csproj", "{83D202C3-FC6D-4FB4-A7DF-0BC13D03B7A1}"
EndProject
Project("{FAE04EC0-301F-11D3-BF4B-00C04F79EFBC}") = "08.Cinema Ticket", "08.Cinema Ticket\08.Cinema Ticket.csproj", "{C8C13A24-4580-4D73-B58B-4A7B54820653}"
EndProject
Project("{FAE04EC0-301F-11D3-BF4B-00C04F79EFBC}") = "09. Fruit or Vegetable", "09. Fruit or Vegetable\09. Fruit or Vegetable.csproj", "{2B74B1D8-B880-4C8F-B61D-2E35794234EC}"
EndProject
Project("{FAE04EC0-301F-11D3-BF4B-00C04F79EFBC}") = "10. Invalid Number", "10. Invalid Number\10. Invalid Number.csproj", "{1E786833-CC36-48D8-982A-2D5A71F9D1EE}"
EndProject
Project("{FAE04EC0-301F-11D3-BF4B-00C04F79EFBC}") = "11. Fruit Shop", "11. Fruit Shop\11. Fruit Shop.csproj", "{43720830-3C3A-4CAE-9A58-381610C7D8FC}"
EndProject
Project("{FAE04EC0-301F-11D3-BF4B-00C04F79EFBC}") = "12. Trade Commissions", "12. Trade Commissions\12. Trade Commissions.csproj", "{4D8B13AF-DF60-4C11-9EE0-08B3DABC561B}"
EndProject
Global
	GlobalSection(SolutionConfigurationPlatforms) = preSolution
		Debug|Any CPU = Debug|Any CPU
		Release|Any CPU = Release|Any CPU
	EndGlobalSection
	GlobalSection(ProjectConfigurationPlatforms) = postSolution
		{CF45BF70-CB80-4255-A9A6-2911EEB5A7BB}.Debug|Any CPU.ActiveCfg = Debug|Any CPU
		{CF45BF70-CB80-4255-A9A6-2911EEB5A7BB}.Debug|Any CPU.Build.0 = Debug|Any CPU
		{CF45BF70-CB80-4255-A9A6-2911EEB5A7BB}.Release|Any CPU.ActiveCfg = Release|Any CPU
		{CF45BF70-CB80-4255-A9A6-2911EEB5A7BB}.Release|Any CPU.Build.0 = Release|Any CPU
		{548C1E40-A388-4A3D-BA01-78B8F371DC8C}.Debug|Any CPU.ActiveCfg = Debug|Any CPU
		{548C1E40-A388-4A3D-BA01-78B8F371DC8C}.Debug|Any CPU.Build.0 = Debug|Any CPU
		{548C1E40-A388-4A3D-BA01-78B8F371DC8C}.Release|Any CPU.ActiveCfg = Release|Any CPU
		{548C1E40-A388-4A3D-BA01-78B8F371DC8C}.Release|Any CPU.Build.0 = Release|Any CPU
		{E742AE7A-17EE-45B2-855A-F0E7BF893EBB}.Debug|Any CPU.ActiveCfg = Debug|Any CPU
		{E742AE7A-17EE-45B2-855A-F0E7BF893EBB}.Debug|Any CPU.Build.0 = Debug|Any CPU
		{E742AE7A-17EE-45B2-855A-F0E7BF893EBB}.Release|Any CPU.ActiveCfg = Release|Any CPU
		{E742AE7A-17EE-45B2-855A-F0E7BF893EBB}.Release|Any CPU.Build.0 = Release|Any CPU
		{10313F04-A45D-4FFD-80A3-4B2C5A1146A4}.Debug|Any CPU.ActiveCfg = Debug|Any CPU
		{10313F04-A45D-4FFD-80A3-4B2C5A1146A4}.Debug|Any CPU.Build.0 = Debug|Any CPU
		{10313F04-A45D-4FFD-80A3-4B2C5A1146A4}.Release|Any CPU.ActiveCfg = Release|Any CPU
		{10313F04-A45D-4FFD-80A3-4B2C5A1146A4}.Release|Any CPU.Build.0 = Release|Any CPU
		{3588E929-648F-400D-98C8-7AAFCE6D23B8}.Debug|Any CPU.ActiveCfg = Debug|Any CPU
		{3588E929-648F-400D-98C8-7AAFCE6D23B8}.Debug|Any CPU.Build.0 = Debug|Any CPU
		{3588E929-648F-400D-98C8-7AAFCE6D23B8}.Release|Any CPU.ActiveCfg = Release|Any CPU
		{3588E929-648F-400D-98C8-7AAFCE6D23B8}.Release|Any CPU.Build.0 = Release|Any CPU
		{7E6F03F3-EF16-4057-A983-F6791DCD692A}.Debug|Any CPU.ActiveCfg = Debug|Any CPU
		{7E6F03F3-EF16-4057-A983-F6791DCD692A}.Debug|Any CPU.Build.0 = Debug|Any CPU
		{7E6F03F3-EF16-4057-A983-F6791DCD692A}.Release|Any CPU.ActiveCfg = Release|Any CPU
		{7E6F03F3-EF16-4057-A983-F6791DCD692A}.Release|Any CPU.Build.0 = Release|Any CPU
		{83D202C3-FC6D-4FB4-A7DF-0BC13D03B7A1}.Debug|Any CPU.ActiveCfg = Debug|Any CPU
		{83D202C3-FC6D-4FB4-A7DF-0BC13D03B7A1}.Debug|Any CPU.Build.0 = Debug|Any CPU
		{83D202C3-FC6D-4FB4-A7DF-0BC13D03B7A1}.Release|Any CPU.ActiveCfg = Release|Any CPU
		{83D202C3-FC6D-4FB4-A7DF-0BC13D03B7A1}.Release|Any CPU.Build.0 = Release|Any CPU
		{C8C13A24-4580-4D73-B58B-4A7B54820653}.Debug|Any CPU.ActiveCfg = Debug|Any CPU
		{C8C13A24-4580-4D73-B58B-4A7B54820653}.Debug|Any CPU.Build.0 = Debug|Any CPU
		{C8C13A24-4580-4D73-B58B-4A7B54820653}.Release|Any CPU.ActiveCfg = Release|Any CPU
		{C8C13A24-4580-4D73-B58B-4A7B54820653}.Release|Any CPU.Build.0 = Release|Any CPU
		{2B74B1D8-B880-4C8F-B61D-2E35794234EC}.Debug|Any CPU.ActiveCfg = Debug|Any CPU
		{2B74B1D8-B880-4C8F-B61D-2E35794234EC}.Debug|Any CPU.Build.0 = Debug|Any CPU
		{2B74B1D8-B880-4C8F-B61D-2E35794234EC}.Release|Any CPU.ActiveCfg = Release|Any CPU
		{2B74B1D8-B880-4C8F-B61D-2E35794234EC}.Release|Any CPU.Build.0 = Release|Any CPU
		{1E786833-CC36-48D8-982A-2D5A71F9D1EE}.Debug|Any CPU.ActiveCfg = Debug|Any CPU
		{1E786833-CC36-48D8-982A-2D5A71F9D1EE}.Debug|Any CPU.Build.0 = Debug|Any CPU
		{1E786833-CC36-48D8-982A-2D5A71F9D1EE}.Release|Any CPU.ActiveCfg = Release|Any CPU
		{1E786833-CC36-48D8-982A-2D5A71F9D1EE}.Release|Any CPU.Build.0 = Release|Any CPU
		{43720830-3C3A-4CAE-9A58-381610C7D8FC}.Debug|Any CPU.ActiveCfg = Debug|Any CPU
		{43720830-3C3A-4CAE-9A58-381610C7D8FC}.Debug|Any CPU.Build.0 = Debug|Any CPU
		{43720830-3C3A-4CAE-9A58-381610C7D8FC}.Release|Any CPU.ActiveCfg = Release|Any CPU
		{43720830-3C3A-4CAE-9A58-381610C7D8FC}.Release|Any CPU.Build.0 = Release|Any CPU
		{4D8B13AF-DF60-4C11-9EE0-08B3DABC561B}.Debug|Any CPU.ActiveCfg = Debug|Any CPU
		{4D8B13AF-DF60-4C11-9EE0-08B3DABC561B}.Debug|Any CPU.Build.0 = Debug|Any CPU
		{4D8B13AF-DF60-4C11-9EE0-08B3DABC561B}.Release|Any CPU.ActiveCfg = Release|Any CPU
		{4D8B13AF-DF60-4C11-9EE0-08B3DABC561B}.Release|Any CPU.Build.0 = Release|Any CPU
	EndGlobalSection
	GlobalSection(SolutionProperties) = preSolution
		HideSolutionNode = FALSE
	EndGlobalSection
	GlobalSection(ExtensibilityGlobals) = postSolution
		SolutionGuid = {D100CE06-B250-475F-AA16-95525B612D66}
	EndGlobalSection
EndGlobal
