
Microsoft Visual Studio Solution File, Format Version 12.00
# Visual Studio Version 17
VisualStudioVersion = 17.3.32825.248
MinimumVisualStudioVersion = 10.0.40219.1
Project("{FAE04EC0-301F-11D3-BF4B-00C04F79EFBC}") = "04. Inches to Centimeters", "04. Inches to Centimeters\04. Inches to Centimeters.csproj", "{872A3FDD-578C-4E3C-ADCD-8EE88068E164}"
EndProject
Global
	GlobalSection(SolutionConfigurationPlatforms) = preSolution
		Debug|Any CPU = Debug|Any CPU
		Release|Any CPU = Release|Any CPU
	EndGlobalSection
	GlobalSection(ProjectConfigurationPlatforms) = postSolution
		{872A3FDD-578C-4E3C-ADCD-8EE88068E164}.Debug|Any CPU.ActiveCfg = Debug|Any CPU
		{872A3FDD-578C-4E3C-ADCD-8EE88068E164}.Debug|Any CPU.Build.0 = Debug|Any CPU
		{872A3FDD-578C-4E3C-ADCD-8EE88068E164}.Release|Any CPU.ActiveCfg = Release|Any CPU
		{872A3FDD-578C-4E3C-ADCD-8EE88068E164}.Release|Any CPU.Build.0 = Release|Any CPU
	EndGlobalSection
	GlobalSection(SolutionProperties) = preSolution
		HideSolutionNode = FALSE
	EndGlobalSection
	GlobalSection(ExtensibilityGlobals) = postSolution
		SolutionGuid = {BC01FECD-E058-4307-AD77-68F946DCC26E}
	EndGlobalSection
EndGlobal
