
Microsoft Visual Studio Solution File, Format Version 12.00
# Visual Studio Version 17
VisualStudioVersion = 17.3.32929.385
MinimumVisualStudioVersion = 10.0.40219.1
Project("{FAE04EC0-301F-11D3-BF4B-00C04F79EFBC}") = "01. Number Pyramid", "01. Number Pyramid\01. Number Pyramid.csproj", "{49339390-222A-454F-8D9B-335EDB9B92A9}"
EndProject
Project("{FAE04EC0-301F-11D3-BF4B-00C04F79EFBC}") = "02. Equal Sums Even Odd Position", "02. Equal Sums Even Odd Position\02. Equal Sums Even Odd Position.csproj", "{9186D586-28F6-4726-A175-A60EAF5526ED}"
EndProject
Project("{FAE04EC0-301F-11D3-BF4B-00C04F79EFBC}") = "03. Sum Prime Non Prime", "03. Sum Prime Non Prime\03. Sum Prime Non Prime.csproj", "{D8CDDC19-1A0B-429F-8DB7-20C279879D69}"
EndProject
Project("{FAE04EC0-301F-11D3-BF4B-00C04F79EFBC}") = "04. Train The Trainers", "04. Train The Trainers\04. Train The Trainers.csproj", "{89BEAF8E-F463-4F81-A626-7CD763EBB4B8}"
EndProject
Project("{FAE04EC0-301F-11D3-BF4B-00C04F79EFBC}") = "05. Special Numbers", "05. Special Numbers\05. Special Numbers.csproj", "{BB253E92-7D60-4148-98A9-2B8672AE8D83}"
EndProject
Project("{FAE04EC0-301F-11D3-BF4B-00C04F79EFBC}") = "06. Cinema Tickets", "06. Cinema Tickets\06. Cinema Tickets.csproj", "{FDC6B3DE-EF31-45C1-8556-D93ED81B40CC}"
EndProject
Global
	GlobalSection(SolutionConfigurationPlatforms) = preSolution
		Debug|Any CPU = Debug|Any CPU
		Release|Any CPU = Release|Any CPU
	EndGlobalSection
	GlobalSection(ProjectConfigurationPlatforms) = postSolution
		{49339390-222A-454F-8D9B-335EDB9B92A9}.Debug|Any CPU.ActiveCfg = Debug|Any CPU
		{49339390-222A-454F-8D9B-335EDB9B92A9}.Debug|Any CPU.Build.0 = Debug|Any CPU
		{49339390-222A-454F-8D9B-335EDB9B92A9}.Release|Any CPU.ActiveCfg = Release|Any CPU
		{49339390-222A-454F-8D9B-335EDB9B92A9}.Release|Any CPU.Build.0 = Release|Any CPU
		{9186D586-28F6-4726-A175-A60EAF5526ED}.Debug|Any CPU.ActiveCfg = Debug|Any CPU
		{9186D586-28F6-4726-A175-A60EAF5526ED}.Debug|Any CPU.Build.0 = Debug|Any CPU
		{9186D586-28F6-4726-A175-A60EAF5526ED}.Release|Any CPU.ActiveCfg = Release|Any CPU
		{9186D586-28F6-4726-A175-A60EAF5526ED}.Release|Any CPU.Build.0 = Release|Any CPU
		{D8CDDC19-1A0B-429F-8DB7-20C279879D69}.Debug|Any CPU.ActiveCfg = Debug|Any CPU
		{D8CDDC19-1A0B-429F-8DB7-20C279879D69}.Debug|Any CPU.Build.0 = Debug|Any CPU
		{D8CDDC19-1A0B-429F-8DB7-20C279879D69}.Release|Any CPU.ActiveCfg = Release|Any CPU
		{D8CDDC19-1A0B-429F-8DB7-20C279879D69}.Release|Any CPU.Build.0 = Release|Any CPU
		{89BEAF8E-F463-4F81-A626-7CD763EBB4B8}.Debug|Any CPU.ActiveCfg = Debug|Any CPU
		{89BEAF8E-F463-4F81-A626-7CD763EBB4B8}.Debug|Any CPU.Build.0 = Debug|Any CPU
		{89BEAF8E-F463-4F81-A626-7CD763EBB4B8}.Release|Any CPU.ActiveCfg = Release|Any CPU
		{89BEAF8E-F463-4F81-A626-7CD763EBB4B8}.Release|Any CPU.Build.0 = Release|Any CPU
		{BB253E92-7D60-4148-98A9-2B8672AE8D83}.Debug|Any CPU.ActiveCfg = Debug|Any CPU
		{BB253E92-7D60-4148-98A9-2B8672AE8D83}.Debug|Any CPU.Build.0 = Debug|Any CPU
		{BB253E92-7D60-4148-98A9-2B8672AE8D83}.Release|Any CPU.ActiveCfg = Release|Any CPU
		{BB253E92-7D60-4148-98A9-2B8672AE8D83}.Release|Any CPU.Build.0 = Release|Any CPU
		{FDC6B3DE-EF31-45C1-8556-D93ED81B40CC}.Debug|Any CPU.ActiveCfg = Debug|Any CPU
		{FDC6B3DE-EF31-45C1-8556-D93ED81B40CC}.Debug|Any CPU.Build.0 = Debug|Any CPU
		{FDC6B3DE-EF31-45C1-8556-D93ED81B40CC}.Release|Any CPU.ActiveCfg = Release|Any CPU
		{FDC6B3DE-EF31-45C1-8556-D93ED81B40CC}.Release|Any CPU.Build.0 = Release|Any CPU
	EndGlobalSection
	GlobalSection(SolutionProperties) = preSolution
		HideSolutionNode = FALSE
	EndGlobalSection
	GlobalSection(ExtensibilityGlobals) = postSolution
		SolutionGuid = {696DFA07-B9FF-4139-8E1E-A213991EDF9E}
	EndGlobalSection
EndGlobal
