
Microsoft Visual Studio Solution File, Format Version 12.00
# Visual Studio Version 17
VisualStudioVersion = 17.4.33213.308
MinimumVisualStudioVersion = 10.0.40219.1
Project("{FAE04EC0-301F-11D3-BF4B-00C04F79EFBC}") = "01. Sort Even Numbers", "01. Sort Even Numbers\01. Sort Even Numbers.csproj", "{CC51F4E3-917F-4F54-B4F0-58AD676750CD}"
EndProject
Project("{FAE04EC0-301F-11D3-BF4B-00C04F79EFBC}") = "02. Sum Numbers", "02. Sum Numbers\02. Sum Numbers.csproj", "{31450979-E157-49F5-A21B-53F08F5E358F}"
EndProject
Project("{FAE04EC0-301F-11D3-BF4B-00C04F79EFBC}") = "03. Count Uppercase Words", "03. Count Uppercase Words\03. Count Uppercase Words.csproj", "{B17C4702-3C0F-4525-BFA8-342A94BBB513}"
EndProject
Project("{FAE04EC0-301F-11D3-BF4B-00C04F79EFBC}") = "04. Add VAT", "04. Add VAT\04. Add VAT.csproj", "{572A0F72-DFF4-4B5F-9CC1-5B6D69EC8537}"
EndProject
Project("{FAE04EC0-301F-11D3-BF4B-00C04F79EFBC}") = "05. Filter By Age", "05. Filter By Age\05. Filter By Age.csproj", "{5F55A936-C5AC-49F5-8E4A-1651E9B0A44C}"
EndProject
Global
	GlobalSection(SolutionConfigurationPlatforms) = preSolution
		Debug|Any CPU = Debug|Any CPU
		Release|Any CPU = Release|Any CPU
	EndGlobalSection
	GlobalSection(ProjectConfigurationPlatforms) = postSolution
		{CC51F4E3-917F-4F54-B4F0-58AD676750CD}.Debug|Any CPU.ActiveCfg = Debug|Any CPU
		{CC51F4E3-917F-4F54-B4F0-58AD676750CD}.Debug|Any CPU.Build.0 = Debug|Any CPU
		{CC51F4E3-917F-4F54-B4F0-58AD676750CD}.Release|Any CPU.ActiveCfg = Release|Any CPU
		{CC51F4E3-917F-4F54-B4F0-58AD676750CD}.Release|Any CPU.Build.0 = Release|Any CPU
		{31450979-E157-49F5-A21B-53F08F5E358F}.Debug|Any CPU.ActiveCfg = Debug|Any CPU
		{31450979-E157-49F5-A21B-53F08F5E358F}.Debug|Any CPU.Build.0 = Debug|Any CPU
		{31450979-E157-49F5-A21B-53F08F5E358F}.Release|Any CPU.ActiveCfg = Release|Any CPU
		{31450979-E157-49F5-A21B-53F08F5E358F}.Release|Any CPU.Build.0 = Release|Any CPU
		{B17C4702-3C0F-4525-BFA8-342A94BBB513}.Debug|Any CPU.ActiveCfg = Debug|Any CPU
		{B17C4702-3C0F-4525-BFA8-342A94BBB513}.Debug|Any CPU.Build.0 = Debug|Any CPU
		{B17C4702-3C0F-4525-BFA8-342A94BBB513}.Release|Any CPU.ActiveCfg = Release|Any CPU
		{B17C4702-3C0F-4525-BFA8-342A94BBB513}.Release|Any CPU.Build.0 = Release|Any CPU
		{572A0F72-DFF4-4B5F-9CC1-5B6D69EC8537}.Debug|Any CPU.ActiveCfg = Debug|Any CPU
		{572A0F72-DFF4-4B5F-9CC1-5B6D69EC8537}.Debug|Any CPU.Build.0 = Debug|Any CPU
		{572A0F72-DFF4-4B5F-9CC1-5B6D69EC8537}.Release|Any CPU.ActiveCfg = Release|Any CPU
		{572A0F72-DFF4-4B5F-9CC1-5B6D69EC8537}.Release|Any CPU.Build.0 = Release|Any CPU
		{5F55A936-C5AC-49F5-8E4A-1651E9B0A44C}.Debug|Any CPU.ActiveCfg = Debug|Any CPU
		{5F55A936-C5AC-49F5-8E4A-1651E9B0A44C}.Debug|Any CPU.Build.0 = Debug|Any CPU
		{5F55A936-C5AC-49F5-8E4A-1651E9B0A44C}.Release|Any CPU.ActiveCfg = Release|Any CPU
		{5F55A936-C5AC-49F5-8E4A-1651E9B0A44C}.Release|Any CPU.Build.0 = Release|Any CPU
	EndGlobalSection
	GlobalSection(SolutionProperties) = preSolution
		HideSolutionNode = FALSE
	EndGlobalSection
	GlobalSection(ExtensibilityGlobals) = postSolution
		SolutionGuid = {9B468773-038F-44DE-A8A9-92618447A2D1}
	EndGlobalSection
EndGlobal
