
Microsoft Visual Studio Solution File, Format Version 12.00
# Visual Studio Version 17
VisualStudioVersion = 17.13.35931.197 d17.13
MinimumVisualStudioVersion = 10.0.40219.1
Project("{8BC9CEB8-8B4A-11D0-8D11-00A0C91BC942}") = "Problem01.List", "Problem01.List\Problem01.List.vcxproj", "{B206577A-2D91-4CC3-B02F-871981205B97}"
EndProject
Global
	GlobalSection(SolutionConfigurationPlatforms) = preSolution
		Debug|x64 = Debug|x64
		Debug|x86 = Debug|x86
		Release|x64 = Release|x64
		Release|x86 = Release|x86
	EndGlobalSection
	GlobalSection(ProjectConfigurationPlatforms) = postSolution
		{B206577A-2D91-4CC3-B02F-871981205B97}.Debug|x64.ActiveCfg = Debug|x64
		{B206577A-2D91-4CC3-B02F-871981205B97}.Debug|x64.Build.0 = Debug|x64
		{B206577A-2D91-4CC3-B02F-871981205B97}.Debug|x86.ActiveCfg = Debug|Win32
		{B206577A-2D91-4CC3-B02F-871981205B97}.Debug|x86.Build.0 = Debug|Win32
		{B206577A-2D91-4CC3-B02F-871981205B97}.Release|x64.ActiveCfg = Release|x64
		{B206577A-2D91-4CC3-B02F-871981205B97}.Release|x64.Build.0 = Release|x64
		{B206577A-2D91-4CC3-B02F-871981205B97}.Release|x86.ActiveCfg = Release|Win32
		{B206577A-2D91-4CC3-B02F-871981205B97}.Release|x86.Build.0 = Release|Win32
	EndGlobalSection
	GlobalSection(SolutionProperties) = preSolution
		HideSolutionNode = FALSE
	EndGlobalSection
	GlobalSection(ExtensibilityGlobals) = postSolution
		SolutionGuid = {0F7DB4B8-2DF7-4B2B-9A80-17A37C1A0CCE}
	EndGlobalSection
EndGlobal
